// !$*UTF8*$!
{
	archiveVersion = 1;
	classes = {
	};
	objectVersion = 50;
	objects = {

/* Begin PBXBuildFile section */
		422B666226F4CDDA00CA1E74 /* SoundTableViewCell.swift in Sources */ = {isa = PBXBuildFile; fileRef = 422B666126F4CDDA00CA1E74 /* SoundTableViewCell.swift */; };
		422B666626F4D66400CA1E74 /* Bem-te-vi.mp3 in Resources */ = {isa = PBXBuildFile; fileRef = 422B666326F4D66400CA1E74 /* Bem-te-vi.mp3 */; };
		422B666726F4D66400CA1E74 /* Aplausos.mp3 in Resources */ = {isa = PBXBuildFile; fileRef = 422B666426F4D66400CA1E74 /* Aplausos.mp3 */; };
		422B666826F4D66400CA1E74 /* Ba dum tss.mp3 in Resources */ = {isa = PBXBuildFile; fileRef = 422B666526F4D66400CA1E74 /* Ba dum tss.mp3 */; };
		42D9455726EB914600D218C8 /* AppDelegate.swift in Sources */ = {isa = PBXBuildFile; fileRef = 42D9455626EB914600D218C8 /* AppDelegate.swift */; };
		42D9455926EB914600D218C8 /* SceneDelegate.swift in Sources */ = {isa = PBXBuildFile; fileRef = 42D9455826EB914600D218C8 /* SceneDelegate.swift */; };
		42D9455B26EB914600D218C8 /* ViewController.swift in Sources */ = {isa = PBXBuildFile; fileRef = 42D9455A26EB914600D218C8 /* ViewController.swift */; };
		42D9455E26EB914600D218C8 /* Main.storyboard in Resources */ = {isa = PBXBuildFile; fileRef = 42D9455C26EB914600D218C8 /* Main.storyboard */; };
		42D9456026EB914700D218C8 /* Assets.xcassets in Resources */ = {isa = PBXBuildFile; fileRef = 42D9455F26EB914700D218C8 /* Assets.xcassets */; };
		42D9456326EB914700D218C8 /* LaunchScreen.storyboard in Resources */ = {isa = PBXBuildFile; fileRef = 42D9456126EB914700D218C8 /* LaunchScreen.storyboard */; };
/* End PBXBuildFile section */

/* Begin PBXFileReference section */
		422B666126F4CDDA00CA1E74 /* SoundTableViewCell.swift */ = {isa = PBXFileReference; lastKnownFileType = sourcecode.swift; path = SoundTableViewCell.swift; sourceTree = "<group>"; };
		422B666326F4D66400CA1E74 /* Bem-te-vi.mp3 */ = {isa = PBXFileReference; lastKnownFileType = audio.mp3; path = "Bem-te-vi.mp3"; sourceTree = "<group>"; };
		422B666426F4D66400CA1E74 /* Aplausos.mp3 */ = {isa = PBXFileReference; lastKnownFileType = audio.mp3; path = Aplausos.mp3; sourceTree = "<group>"; };
		422B666526F4D66400CA1E74 /* Ba dum tss.mp3 */ = {isa = PBXFileReference; lastKnownFileType = audio.mp3; path = "Ba dum tss.mp3"; sourceTree = "<group>"; };
		42D9455326EB914600D218C8 /* bem-te-app.app */ = {isa = PBXFileReference; explicitFileType = wrapper.application; includeInIndex = 0; path = "bem-te-app.app"; sourceTree = BUILT_PRODUCTS_DIR; };
		42D9455626EB914600D218C8 /* AppDelegate.swift */ = {isa = PBXFileReference; lastKnownFileType = sourcecode.swift; path = AppDelegate.swift; sourceTree = "<group>"; };
		42D9455826EB914600D218C8 /* SceneDelegate.swift */ = {isa = PBXFileReference; lastKnownFileType = sourcecode.swift; path = SceneDelegate.swift; sourceTree = "<group>"; };
		42D9455A26EB914600D218C8 /* ViewController.swift */ = {isa = PBXFileReference; lastKnownFileType = sourcecode.swift; path = ViewController.swift; sourceTree = "<group>"; };
		42D9455D26EB914600D218C8 /* Base */ = {isa = PBXFileReference; lastKnownFileType = file.storyboard; name = Base; path = Base.lproj/Main.storyboard; sourceTree = "<group>"; };
		42D9455F26EB914700D218C8 /* Assets.xcassets */ = {isa = PBXFileReference; lastKnownFileType = folder.assetcatalog; path = Assets.xcassets; sourceTree = "<group>"; };
		42D9456226EB914700D218C8 /* Base */ = {isa = PBXFileReference; lastKnownFileType = file.storyboard; name = Base; path = Base.lproj/LaunchScreen.storyboard; sourceTree = "<group>"; };
		42D9456426EB914700D218C8 /* Info.plist */ = {isa = PBXFileReference; lastKnownFileType = text.plist.xml; path = Info.plist; sourceTree = "<group>"; };
/* End PBXFileReference section */

/* Begin PBXFrameworksBuildPhase section */
		42D9455026EB914600D218C8 /* Frameworks */ = {
			isa = PBXFrameworksBuildPhase;
			buildActionMask = 2147483647;
			files = (
			);
			runOnlyForDeploymentPostprocessing = 0;
		};
/* End PBXFrameworksBuildPhase section */

/* Begin PBXGroup section */
		422B666926F4D67400CA1E74 /* Sounds */ = {
			isa = PBXGroup;
			children = (
				422B666426F4D66400CA1E74 /* Aplausos.mp3 */,
				422B666526F4D66400CA1E74 /* Ba dum tss.mp3 */,
				422B666326F4D66400CA1E74 /* Bem-te-vi.mp3 */,
			);
			path = Sounds;
			sourceTree = "<group>";
		};
		42D9454A26EB914600D218C8 = {
			isa = PBXGroup;
			children = (
				42D9455526EB914600D218C8 /* bem-te-app */,
				42D9455426EB914600D218C8 /* Products */,
			);
			sourceTree = "<group>";
		};
		42D9455426EB914600D218C8 /* Products */ = {
			isa = PBXGroup;
			children = (
				42D9455326EB914600D218C8 /* bem-te-app.app */,
			);
			name = Products;
			sourceTree = "<group>";
		};
		42D9455526EB914600D218C8 /* bem-te-app */ = {
			isa = PBXGroup;
			children = (
				422B666926F4D67400CA1E74 /* Sounds */,
				42D9455626EB914600D218C8 /* AppDelegate.swift */,
				42D9455826EB914600D218C8 /* SceneDelegate.swift */,
				42D9455A26EB914600D218C8 /* ViewController.swift */,
				42D9455C26EB914600D218C8 /* Main.storyboard */,
				42D9455F26EB914700D218C8 /* Assets.xcassets */,
				42D9456126EB914700D218C8 /* LaunchScreen.storyboard */,
				42D9456426EB914700D218C8 /* Info.plist */,
				422B666126F4CDDA00CA1E74 /* SoundTableViewCell.swift */,
			);
			path = "bem-te-app";
			sourceTree = "<group>";
		};
/* End PBXGroup section */

/* Begin PBXNativeTarget section */
		42D9455226EB914600D218C8 /* bem-te-app */ = {
			isa = PBXNativeTarget;
			buildConfigurationList = 42D9456726EB914700D218C8 /* Build configuration list for PBXNativeTarget "bem-te-app" */;
			buildPhases = (
				42D9454F26EB914600D218C8 /* Sources */,
				42D9455026EB914600D218C8 /* Frameworks */,
				42D9455126EB914600D218C8 /* Resources */,
			);
			buildRules = (
			);
			dependencies = (
			);
			name = "bem-te-app";
			productName = "bem-te-app";
			productReference = 42D9455326EB914600D218C8 /* bem-te-app.app */;
			productType = "com.apple.product-type.application";
		};
/* End PBXNativeTarget section */

/* Begin PBXProject section */
		42D9454B26EB914600D218C8 /* Project object */ = {
			isa = PBXProject;
			attributes = {
				LastSwiftUpdateCheck = 1250;
				LastUpgradeCheck = 1250;
				TargetAttributes = {
					42D9455226EB914600D218C8 = {
						CreatedOnToolsVersion = 12.5.1;
					};
				};
			};
			buildConfigurationList = 42D9454E26EB914600D218C8 /* Build configuration list for PBXProject "bem-te-app" */;
			compatibilityVersion = "Xcode 9.3";
			developmentRegion = en;
			hasScannedForEncodings = 0;
			knownRegions = (
				en,
				Base,
			);
			mainGroup = 42D9454A26EB914600D218C8;
			productRefGroup = 42D9455426EB914600D218C8 /* Products */;
			projectDirPath = "";
			projectRoot = "";
			targets = (
				42D9455226EB914600D218C8 /* bem-te-app */,
			);
		};
/* End PBXProject section */

/* Begin PBXResourcesBuildPhase section */
		42D9455126EB914600D218C8 /* Resources */ = {
			isa = PBXResourcesBuildPhase;
			buildActionMask = 2147483647;
			files = (
				42D9456326EB914700D218C8 /* LaunchScreen.storyboard in Resources */,
				422B666626F4D66400CA1E74 /* Bem-te-vi.mp3 in Resources */,
				422B666726F4D66400CA1E74 /* Aplausos.mp3 in Resources */,
				42D9456026EB914700D218C8 /* Assets.xcassets in Resources */,
				42D9455E26EB914600D218C8 /* Main.storyboard in Resources */,
				422B666826F4D66400CA1E74 /* Ba dum tss.mp3 in Resources */,
			);
			runOnlyForDeploymentPostprocessing = 0;
		};
/* End PBXResourcesBuildPhase section */

/* Begin PBXSourcesBuildPhase section */
		42D9454F26EB914600D218C8 /* Sources */ = {
			isa = PBXSourcesBuildPhase;
			buildActionMask = 2147483647;
			files = (
				42D9455B26EB914600D218C8 /* ViewController.swift in Sources */,
				42D9455726EB914600D218C8 /* AppDelegate.swift in Sources */,
				42D9455926EB914600D218C8 /* SceneDelegate.swift in Sources */,
				422B666226F4CDDA00CA1E74 /* SoundTableViewCell.swift in Sources */,
			);
			runOnlyForDeploymentPostprocessing = 0;
		};
/* End PBXSourcesBuildPhase section */

/* Begin PBXVariantGroup section */
		42D9455C26EB914600D218C8 /* Main.storyboard */ = {
			isa = PBXVariantGroup;
			children = (
				42D9455D26EB914600D218C8 /* Base */,
			);
			name = Main.storyboard;
			sourceTree = "<group>";
		};
		42D9456126EB914700D218C8 /* LaunchScreen.storyboard */ = {
			isa = PBXVariantGroup;
			children = (
				42D9456226EB914700D218C8 /* Base */,
			);
			name = LaunchScreen.storyboard;
			sourceTree = "<group>";
		};
/* End PBXVariantGroup section */

/* Begin XCBuildConfiguration section */
		42D9456526EB914700D218C8 /* Debug */ = {
			isa = XCBuildConfiguration;
			buildSettings = {
				ALWAYS_SEARCH_USER_PATHS = NO;
				CLANG_ANALYZER_NONNULL = YES;
				CLANG_ANALYZER_NUMBER_OBJECT_CONVERSION = YES_AGGRESSIVE;
				CLANG_CXX_LANGUAGE_STANDARD = "gnu++14";
				CLANG_CXX_LIBRARY = "libc++";
				CLANG_ENABLE_MODULES = YES;
				CLANG_ENABLE_OBJC_ARC = YES;
				CLANG_ENABLE_OBJC_WEAK = YES;
				CLANG_WARN_BLOCK_CAPTURE_AUTORELEASING = YES;
				CLANG_WARN_BOOL_CONVERSION = YES;
				CLANG_WARN_COMMA = YES;
				CLANG_WARN_CONSTANT_CONVERSION = YES;
				CLANG_WARN_DEPRECATED_OBJC_IMPLEMENTATIONS = YES;
				CLANG_WARN_DIRECT_OBJC_ISA_USAGE = YES_ERROR;
				CLANG_WARN_DOCUMENTATION_COMMENTS = YES;
				CLANG_WARN_EMPTY_BODY = YES;
				CLANG_WARN_ENUM_CONVERSION = YES;
				CLANG_WARN_INFINITE_RECURSION = YES;
				CLANG_WARN_INT_CONVERSION = YES;
				CLANG_WARN_NON_LITERAL_NULL_CONVERSION = YES;
				CLANG_WARN_OBJC_IMPLICIT_RETAIN_SELF = YES;
				CLANG_WARN_OBJC_LITERAL_CONVERSION = YES;
				CLANG_WARN_OBJC_ROOT_CLASS = YES_ERROR;
				CLANG_WARN_QUOTED_INCLUDE_IN_FRAMEWORK_HEADER = YES;
				CLANG_WARN_RANGE_LOOP_ANALYSIS = YES;
				CLANG_WARN_STRICT_PROTOTYPES = YES;
				CLANG_WARN_SUSPICIOUS_MOVE = YES;
				CLANG_WARN_UNGUARDED_AVAILABILITY = YES_AGGRESSIVE;
				CLANG_WARN_UNREACHABLE_CODE = YES;
				CLANG_WARN__DUPLICATE_METHOD_MATCH = YES;
				COPY_PHASE_STRIP = NO;
				DEBUG_INFORMATION_FORMAT = dwarf;
				ENABLE_STRICT_OBJC_MSGSEND = YES;
				ENABLE_TESTABILITY = YES;
				GCC_C_LANGUAGE_STANDARD = gnu11;
				GCC_DYNAMIC_NO_PIC = NO;
				GCC_NO_COMMON_BLOCKS = YES;
				GCC_OPTIMIZATION_LEVEL = 0;
				GCC_PREPROCESSOR_DEFINITIONS = (
					"DEBUG=1",
					"$(inherited)",
				);
				GCC_WARN_64_TO_32_BIT_CONVERSION = YES;
				GCC_WARN_ABOUT_RETURN_TYPE = YES_ERROR;
				GCC_WARN_UNDECLARED_SELECTOR = YES;
				GCC_WARN_UNINITIALIZED_AUTOS = YES_AGGRESSIVE;
				GCC_WARN_UNUSED_FUNCTION = YES;
				GCC_WARN_UNUSED_VARIABLE = YES;
				IPHONEOS_DEPLOYMENT_TARGET = 14.5;
				MTL_ENABLE_DEBUG_INFO = INCLUDE_SOURCE;
				MTL_FAST_MATH = YES;
				ONLY_ACTIVE_ARCH = YES;
				SDKROOT = iphoneos;
				SWIFT_ACTIVE_COMPILATION_CONDITIONS = DEBUG;
				SWIFT_OPTIMIZATION_LEVEL = "-Onone";
			};
			name = Debug;
		};
		42D9456626EB914700D218C8 /* Release */ = {
			isa = XCBuildConfiguration;
			buildSettings = {
				ALWAYS_SEARCH_USER_PATHS = NO;
				CLANG_ANALYZER_NONNULL = YES;
				CLANG_ANALYZER_NUMBER_OBJECT_CONVERSION = YES_AGGRESSIVE;
				CLANG_CXX_LANGUAGE_STANDARD = "gnu++14";
				CLANG_CXX_LIBRARY = "libc++";
				CLANG_ENABLE_MODULES = YES;
				CLANG_ENABLE_OBJC_ARC = YES;
				CLANG_ENABLE_OBJC_WEAK = YES;
				CLANG_WARN_BLOCK_CAPTURE_AUTORELEASING = YES;
				CLANG_WARN_BOOL_CONVERSION = YES;
				CLANG_WARN_COMMA = YES;
				CLANG_WARN_CONSTANT_CONVERSION = YES;
				CLANG_WARN_DEPRECATED_OBJC_IMPLEMENTATIONS = YES;
				CLANG_WARN_DIRECT_OBJC_ISA_USAGE = YES_ERROR;
				CLANG_WARN_DOCUMENTATION_COMMENTS = YES;
				CLANG_WARN_EMPTY_BODY = YES;
				CLANG_WARN_ENUM_CONVERSION = YES;
				CLANG_WARN_INFINITE_RECURSION = YES;
				CLANG_WARN_INT_CONVERSION = YES;
				CLANG_WARN_NON_LITERAL_NULL_CONVERSION = YES;
				CLANG_WARN_OBJC_IMPLICIT_RETAIN_SELF = YES;
				CLANG_WARN_OBJC_LITERAL_CONVERSION = YES;
				CLANG_WARN_OBJC_ROOT_CLASS = YES_ERROR;
				CLANG_WARN_QUOTED_INCLUDE_IN_FRAMEWORK_HEADER = YES;
				CLANG_WARN_RANGE_LOOP_ANALYSIS = YES;
				CLANG_WARN_STRICT_PROTOTYPES = YES;
				CLANG_WARN_SUSPICIOUS_MOVE = YES;
				CLANG_WARN_UNGUARDED_AVAILABILITY = YES_AGGRESSIVE;
				CLANG_WARN_UNREACHABLE_CODE = YES;
				CLANG_WARN__DUPLICATE_METHOD_MATCH = YES;
				COPY_PHASE_STRIP = NO;
				DEBUG_INFORMATION_FORMAT = "dwarf-with-dsym";
				ENABLE_NS_ASSERTIONS = NO;
				ENABLE_STRICT_OBJC_MSGSEND = YES;
				GCC_C_LANGUAGE_STANDARD = gnu11;
				GCC_NO_COMMON_BLOCKS = YES;
				GCC_WARN_64_TO_32_BIT_CONVERSION = YES;
				GCC_WARN_ABOUT_RETURN_TYPE = YES_ERROR;
				GCC_WARN_UNDECLARED_SELECTOR = YES;
				GCC_WARN_UNINITIALIZED_AUTOS = YES_AGGRESSIVE;
				GCC_WARN_UNUSED_FUNCTION = YES;
				GCC_WARN_UNUSED_VARIABLE = YES;
				IPHONEOS_DEPLOYMENT_TARGET = 14.5;
				MTL_ENABLE_DEBUG_INFO = NO;
				MTL_FAST_MATH = YES;
				SDKROOT = iphoneos;
				SWIFT_COMPILATION_MODE = wholemodule;
				SWIFT_OPTIMIZATION_LEVEL = "-O";
				VALIDATE_PRODUCT = YES;
			};
			name = Release;
		};
		42D9456826EB914700D218C8 /* Debug */ = {
			isa = XCBuildConfiguration;
			buildSettings = {
				ASSETCATALOG_COMPILER_APPICON_NAME = AppIcon;
				ASSETCATALOG_COMPILER_GLOBAL_ACCENT_COLOR_NAME = AccentColor;
				CODE_SIGN_STYLE = Automatic;
				DEVELOPMENT_TEAM = THSG8VL67S;
				INFOPLIST_FILE = "bem-te-app/Info.plist";
				LD_RUNPATH_SEARCH_PATHS = (
					"$(inherited)",
					"@executable_path/Frameworks",
				);
				PRODUCT_BUNDLE_IDENTIFIER = "fredericowestphalenmendesmachado.bem-te-app";
				PRODUCT_NAME = "$(TARGET_NAME)";
				SWIFT_VERSION = 5.0;
				TARGETED_DEVICE_FAMILY = "1,2";
			};
			name = Debug;
		};
		42D9456926EB914700D218C8 /* Release */ = {
			isa = XCBuildConfiguration;
			buildSettings = {
				ASSETCATALOG_COMPILER_APPICON_NAME = AppIcon;
				ASSETCATALOG_COMPILER_GLOBAL_ACCENT_COLOR_NAME = AccentColor;
				CODE_SIGN_STYLE = Automatic;
				DEVELOPMENT_TEAM = THSG8VL67S;
				INFOPLIST_FILE = "bem-te-app/Info.plist";
				LD_RUNPATH_SEARCH_PATHS = (
					"$(inherited)",
					"@executable_path/Frameworks",
				);
				PRODUCT_BUNDLE_IDENTIFIER = "fredericowestphalenmendesmachado.bem-te-app";
				PRODUCT_NAME = "$(TARGET_NAME)";
				SWIFT_VERSION = 5.0;
				TARGETED_DEVICE_FAMILY = "1,2";
			};
			name = Release;
		};
/* End XCBuildConfiguration section */

/* Begin XCConfigurationList section */
		42D9454E26EB914600D218C8 /* Build configuration list for PBXProject "bem-te-app" */ = {
			isa = XCConfigurationList;
			buildConfigurations = (
				42D9456526EB914700D218C8 /* Debug */,
				42D9456626EB914700D218C8 /* Release */,
			);
			defaultConfigurationIsVisible = 0;
			defaultConfigurationName = Release;
		};
		42D9456726EB914700D218C8 /* Build configuration list for PBXNativeTarget "bem-te-app" */ = {
			isa = XCConfigurationList;
			buildConfigurations = (
				42D9456826EB914700D218C8 /* Debug */,
				42D9456926EB914700D218C8 /* Release */,
			);
			defaultConfigurationIsVisible = 0;
			defaultConfigurationName = Release;
		};
/* End XCConfigurationList section */
	};
	rootObject = 42D9454B26EB914600D218C8 /* Project object */;
}
